
Microsoft Visual Studio Solution File, Format Version 12.00
# Visual Studio 15
VisualStudioVersion = 15.0.27004.2008
MinimumVisualStudioVersion = 10.0.40219.1
Project("{8BC9CEB8-8B4A-11D0-8D11-00A0C91BC942}") = "DBEngine", "DBEngine\DBEngine.vcxproj", "{7BAD5944-6BA0-4E4B-95CF-9826301E8472}"
EndProject
Global
	GlobalSection(SolutionConfigurationPlatforms) = preSolution
		Debug|x64 = Debug|x64
		Debug|x86 = Debug|x86
		Release|x64 = Release|x64
		Release|x86 = Release|x86
	EndGlobalSection
	GlobalSection(ProjectConfigurationPlatforms) = postSolution
		{7BAD5944-6BA0-4E4B-95CF-9826301E8472}.Debug|x64.ActiveCfg = Debug|x64
		{7BAD5944-6BA0-4E4B-95CF-9826301E8472}.Debug|x64.Build.0 = Debug|x64
		{7BAD5944-6BA0-4E4B-95CF-9826301E8472}.Debug|x86.ActiveCfg = Debug|Win32
		{7BAD5944-6BA0-4E4B-95CF-9826301E8472}.Debug|x86.Build.0 = Debug|Win32
		{7BAD5944-6BA0-4E4B-95CF-9826301E8472}.Release|x64.ActiveCfg = Release|x64
		{7BAD5944-6BA0-4E4B-95CF-9826301E8472}.Release|x64.Build.0 = Release|x64
		{7BAD5944-6BA0-4E4B-95CF-9826301E8472}.Release|x86.ActiveCfg = Release|Win32
		{7BAD5944-6BA0-4E4B-95CF-9826301E8472}.Release|x86.Build.0 = Release|Win32
	EndGlobalSection
	GlobalSection(SolutionProperties) = preSolution
		HideSolutionNode = FALSE
	EndGlobalSection
	GlobalSection(ExtensibilityGlobals) = postSolution
		SolutionGuid = {122F9E89-CC10-4209-BBC6-DFE4C0200D9C}
	EndGlobalSection
EndGlobal
